
Microsoft Visual Studio Solution File, Format Version 12.00
# Visual Studio 15
VisualStudioVersion = 15.0.28010.2048
MinimumVisualStudioVersion = 10.0.40219.1
Project("{2150E333-8FDC-42A3-9474-1A3956D46DE8}") = "Src", "Src", "{2BE41E93-3A96-4474-B7A9-0F078730760C}"
EndProject
Project("{2150E333-8FDC-42A3-9474-1A3956D46DE8}") = "Samples", "Samples", "{F35786BD-8B31-44E9-B895-B69ABEE37680}"
EndProject
Project("{2150E333-8FDC-42A3-9474-1A3956D46DE8}") = "Docs", "Docs", "{4EDC9CEB-1CDB-42D8-93B4-F4E30CC85DDF}"
	ProjectSection(SolutionItems) = preProject
		Docs\Caching.md = Docs\Caching.md
		Docs\Cli.md = Docs\Cli.md
		Docs\Events.md = Docs\Events.md
		Docs\Invocables.md = Docs\Invocables.md
		Docs\Mailing.md = Docs\Mailing.md
		Docs\Queuing.md = Docs\Queuing.md
		Docs\Scheduler.md = Docs\Scheduler.md
	EndProjectSection
EndProject
Project("{2150E333-8FDC-42A3-9474-1A3956D46DE8}") = "Demo", "Demo", "{87B74C19-CE93-4648-AF81-C014F40996C5}"
EndProject
Project("{2150E333-8FDC-42A3-9474-1A3956D46DE8}") = "Coravel", "Coravel", "{EBFD42F3-E9CB-43C1-94A4-F6B7AACECA49}"
EndProject
Project("{2150E333-8FDC-42A3-9474-1A3956D46DE8}") = "Coravel.Cli", "Coravel.Cli", "{8935C7CB-308F-4CC4-B4F1-B31B6801AB9E}"
EndProject
Project("{2150E333-8FDC-42A3-9474-1A3956D46DE8}") = "Coravel.Mailer", "Coravel.Mailer", "{B0DE968E-5143-47DD-BA88-576875CA9946}"
EndProject
Project("{2150E333-8FDC-42A3-9474-1A3956D46DE8}") = "IntegrationTests", "IntegrationTests", "{AF042A1E-FF26-4A9A-8CC3-9E671CFB5991}"
EndProject
Project("{2150E333-8FDC-42A3-9474-1A3956D46DE8}") = "UnitTests", "UnitTests", "{09D6344D-E5D6-4D63-AF4A-92237EF11607}"
EndProject
Project("{9A19103F-16F7-4668-BE54-9A1E7A4F7556}") = "Coravel", "Src\Coravel\Coravel.csproj", "{AB420C74-A487-4959-8B88-94A37E5799BE}"
EndProject
Project("{9A19103F-16F7-4668-BE54-9A1E7A4F7556}") = "Coravel.Cli", "Src\Coravel.Cli\Coravel.Cli.csproj", "{A0CE5659-861F-4D8D-A607-0342ED5820D6}"
EndProject
Project("{9A19103F-16F7-4668-BE54-9A1E7A4F7556}") = "Coravel.Mailer", "Src\Coravel.Mailer\Coravel.Mailer.csproj", "{37EBB6C7-5314-4894-A784-89E0DF8C2B5C}"
EndProject
Project("{2150E333-8FDC-42A3-9474-1A3956D46DE8}") = "TestMvcApp", "TestMvcApp", "{91C33E1A-B7D9-4929-9E63-A0D64F3E8491}"
EndProject
Project("{2150E333-8FDC-42A3-9474-1A3956D46DE8}") = "Tests", "Tests", "{231A3D55-BFD5-4CCA-8DD7-10062187A194}"
EndProject
Project("{9A19103F-16F7-4668-BE54-9A1E7A4F7556}") = "TestMvcApp", "Src\IntegrationTests\TestMvcApp\TestMvcApp.csproj", "{940EBECB-3C1A-42C4-907C-842C30C18211}"
EndProject
Project("{9A19103F-16F7-4668-BE54-9A1E7A4F7556}") = "Tests", "Src\IntegrationTests\Tests\Tests.csproj", "{EFE38060-7C1C-4634-9E8E-739013D36F04}"
EndProject
Project("{9A19103F-16F7-4668-BE54-9A1E7A4F7556}") = "UnitTests", "Src\UnitTests\UnitTests.csproj", "{F991942A-219D-449A-93F2-D9B9F331F1A4}"
EndProject
Project("{2150E333-8FDC-42A3-9474-1A3956D46DE8}") = "HostBuilderWithQueue", "HostBuilderWithQueue", "{03744AB9-5B6F-4619-9B2B-0E46E3D71675}"
EndProject
Project("{9A19103F-16F7-4668-BE54-9A1E7A4F7556}") = "HostBuilderWithQueue", "Samples\HostBuilderWithQueue\HostBuilderWithQueue.csproj", "{229E212B-1656-4EB4-B2BA-84065ADE5070}"
EndProject
Project("{2150E333-8FDC-42A3-9474-1A3956D46DE8}") = "img", "img", "{4C2C574D-A760-4F4C-B6C2-8997CC52CB18}"
	ProjectSection(SolutionItems) = preProject
		Docs\img\coravelmail.png = Docs\img\coravelmail.png
		Docs\img\dailyreportinvocable.png = Docs\img\dailyreportinvocable.png
		Docs\img\email-sample.png = Docs\img\email-sample.png
		Docs\img\event-blog.png = Docs\img\event-blog.png
		Docs\img\logo.png = Docs\img\logo.png
		Docs\img\queueexpensive.png = Docs\img\queueexpensive.png
		Docs\img\sampleinvocablemvc.png = Docs\img\sampleinvocablemvc.png
		Docs\img\scheduledailyreport.png = Docs\img\scheduledailyreport.png
	EndProjectSection
EndProject
Project("{2150E333-8FDC-42A3-9474-1A3956D46DE8}") = "used-by", "used-by", "{1B904964-7053-4158-B705-7B36D8649540}"
	ProjectSection(SolutionItems) = preProject
		Docs\img\used-by\builtwithdotnet.jpg = Docs\img\used-by\builtwithdotnet.jpg
	EndProjectSection
EndProject
Project("{9A19103F-16F7-4668-BE54-9A1E7A4F7556}") = "Demo", "Demo\Demo.csproj", "{49D95738-8F26-4F5E-827D-6B2638ECFA2F}"
EndProject
Global
	GlobalSection(SolutionConfigurationPlatforms) = preSolution
		Debug|Any CPU = Debug|Any CPU
		Release|Any CPU = Release|Any CPU
	EndGlobalSection
	GlobalSection(ProjectConfigurationPlatforms) = postSolution
		{AB420C74-A487-4959-8B88-94A37E5799BE}.Debug|Any CPU.ActiveCfg = Debug|Any CPU
		{AB420C74-A487-4959-8B88-94A37E5799BE}.Debug|Any CPU.Build.0 = Debug|Any CPU
		{AB420C74-A487-4959-8B88-94A37E5799BE}.Release|Any CPU.ActiveCfg = Release|Any CPU
		{AB420C74-A487-4959-8B88-94A37E5799BE}.Release|Any CPU.Build.0 = Release|Any CPU
		{A0CE5659-861F-4D8D-A607-0342ED5820D6}.Debug|Any CPU.ActiveCfg = Debug|Any CPU
		{A0CE5659-861F-4D8D-A607-0342ED5820D6}.Debug|Any CPU.Build.0 = Debug|Any CPU
		{A0CE5659-861F-4D8D-A607-0342ED5820D6}.Release|Any CPU.ActiveCfg = Release|Any CPU
		{A0CE5659-861F-4D8D-A607-0342ED5820D6}.Release|Any CPU.Build.0 = Release|Any CPU
		{37EBB6C7-5314-4894-A784-89E0DF8C2B5C}.Debug|Any CPU.ActiveCfg = Debug|Any CPU
		{37EBB6C7-5314-4894-A784-89E0DF8C2B5C}.Debug|Any CPU.Build.0 = Debug|Any CPU
		{37EBB6C7-5314-4894-A784-89E0DF8C2B5C}.Release|Any CPU.ActiveCfg = Release|Any CPU
		{37EBB6C7-5314-4894-A784-89E0DF8C2B5C}.Release|Any CPU.Build.0 = Release|Any CPU
		{940EBECB-3C1A-42C4-907C-842C30C18211}.Debug|Any CPU.ActiveCfg = Debug|Any CPU
		{940EBECB-3C1A-42C4-907C-842C30C18211}.Debug|Any CPU.Build.0 = Debug|Any CPU
		{940EBECB-3C1A-42C4-907C-842C30C18211}.Release|Any CPU.ActiveCfg = Release|Any CPU
		{940EBECB-3C1A-42C4-907C-842C30C18211}.Release|Any CPU.Build.0 = Release|Any CPU
		{EFE38060-7C1C-4634-9E8E-739013D36F04}.Debug|Any CPU.ActiveCfg = Debug|Any CPU
		{EFE38060-7C1C-4634-9E8E-739013D36F04}.Debug|Any CPU.Build.0 = Debug|Any CPU
		{EFE38060-7C1C-4634-9E8E-739013D36F04}.Release|Any CPU.ActiveCfg = Release|Any CPU
		{EFE38060-7C1C-4634-9E8E-739013D36F04}.Release|Any CPU.Build.0 = Release|Any CPU
		{F991942A-219D-449A-93F2-D9B9F331F1A4}.Debug|Any CPU.ActiveCfg = Debug|Any CPU
		{F991942A-219D-449A-93F2-D9B9F331F1A4}.Debug|Any CPU.Build.0 = Debug|Any CPU
		{F991942A-219D-449A-93F2-D9B9F331F1A4}.Release|Any CPU.ActiveCfg = Release|Any CPU
		{F991942A-219D-449A-93F2-D9B9F331F1A4}.Release|Any CPU.Build.0 = Release|Any CPU
		{229E212B-1656-4EB4-B2BA-84065ADE5070}.Debug|Any CPU.ActiveCfg = Debug|Any CPU
		{229E212B-1656-4EB4-B2BA-84065ADE5070}.Debug|Any CPU.Build.0 = Debug|Any CPU
		{229E212B-1656-4EB4-B2BA-84065ADE5070}.Release|Any CPU.ActiveCfg = Release|Any CPU
		{229E212B-1656-4EB4-B2BA-84065ADE5070}.Release|Any CPU.Build.0 = Release|Any CPU
		{49D95738-8F26-4F5E-827D-6B2638ECFA2F}.Debug|Any CPU.ActiveCfg = Debug|Any CPU
		{49D95738-8F26-4F5E-827D-6B2638ECFA2F}.Debug|Any CPU.Build.0 = Debug|Any CPU
		{49D95738-8F26-4F5E-827D-6B2638ECFA2F}.Release|Any CPU.ActiveCfg = Release|Any CPU
		{49D95738-8F26-4F5E-827D-6B2638ECFA2F}.Release|Any CPU.Build.0 = Release|Any CPU
	EndGlobalSection
	GlobalSection(SolutionProperties) = preSolution
		HideSolutionNode = FALSE
	EndGlobalSection
	GlobalSection(NestedProjects) = preSolution
		{EBFD42F3-E9CB-43C1-94A4-F6B7AACECA49} = {2BE41E93-3A96-4474-B7A9-0F078730760C}
		{8935C7CB-308F-4CC4-B4F1-B31B6801AB9E} = {2BE41E93-3A96-4474-B7A9-0F078730760C}
		{B0DE968E-5143-47DD-BA88-576875CA9946} = {2BE41E93-3A96-4474-B7A9-0F078730760C}
		{AF042A1E-FF26-4A9A-8CC3-9E671CFB5991} = {2BE41E93-3A96-4474-B7A9-0F078730760C}
		{09D6344D-E5D6-4D63-AF4A-92237EF11607} = {2BE41E93-3A96-4474-B7A9-0F078730760C}
		{AB420C74-A487-4959-8B88-94A37E5799BE} = {EBFD42F3-E9CB-43C1-94A4-F6B7AACECA49}
		{A0CE5659-861F-4D8D-A607-0342ED5820D6} = {8935C7CB-308F-4CC4-B4F1-B31B6801AB9E}
		{37EBB6C7-5314-4894-A784-89E0DF8C2B5C} = {B0DE968E-5143-47DD-BA88-576875CA9946}
		{91C33E1A-B7D9-4929-9E63-A0D64F3E8491} = {AF042A1E-FF26-4A9A-8CC3-9E671CFB5991}
		{231A3D55-BFD5-4CCA-8DD7-10062187A194} = {AF042A1E-FF26-4A9A-8CC3-9E671CFB5991}
		{940EBECB-3C1A-42C4-907C-842C30C18211} = {91C33E1A-B7D9-4929-9E63-A0D64F3E8491}
		{EFE38060-7C1C-4634-9E8E-739013D36F04} = {231A3D55-BFD5-4CCA-8DD7-10062187A194}
		{F991942A-219D-449A-93F2-D9B9F331F1A4} = {09D6344D-E5D6-4D63-AF4A-92237EF11607}
		{03744AB9-5B6F-4619-9B2B-0E46E3D71675} = {F35786BD-8B31-44E9-B895-B69ABEE37680}
		{229E212B-1656-4EB4-B2BA-84065ADE5070} = {03744AB9-5B6F-4619-9B2B-0E46E3D71675}
		{4C2C574D-A760-4F4C-B6C2-8997CC52CB18} = {4EDC9CEB-1CDB-42D8-93B4-F4E30CC85DDF}
		{1B904964-7053-4158-B705-7B36D8649540} = {4C2C574D-A760-4F4C-B6C2-8997CC52CB18}
		{49D95738-8F26-4F5E-827D-6B2638ECFA2F} = {87B74C19-CE93-4648-AF81-C014F40996C5}
	EndGlobalSection
	GlobalSection(ExtensibilityGlobals) = postSolution
		SolutionGuid = {05C9F3DE-AC5D-4BE0-A49F-E3436B80F26F}
	EndGlobalSection
EndGlobal
