
Microsoft Visual Studio Solution File, Format Version 12.00
# Visual Studio 15
VisualStudioVersion = 15.0.28010.2050
MinimumVisualStudioVersion = 10.0.40219.1
Project("{2150E333-8FDC-42A3-9474-1A3956D46DE8}") = "Src", "Src", "{12D54643-04F1-4FCF-B7F9-434B37F8BAE7}"
EndProject
Project("{2150E333-8FDC-42A3-9474-1A3956D46DE8}") = "Covarel", "Covarel", "{9F5AD571-ECAB-4CE5-9947-18C054EF3299}"
EndProject
Project("{2150E333-8FDC-42A3-9474-1A3956D46DE8}") = "Coravel.Cli", "Coravel.Cli", "{5839E6DD-7E1E-44DC-A613-AEF0F60B80F3}"
EndProject
Project("{2150E333-8FDC-42A3-9474-1A3956D46DE8}") = "Coravel.Mailer", "Coravel.Mailer", "{B1B780A5-5DBF-47DC-ACAE-352698D5BA30}"
EndProject
Project("{2150E333-8FDC-42A3-9474-1A3956D46DE8}") = "IntegrationTests", "IntegrationTests", "{A51189C8-6825-4602-BA6D-4C312C69DB72}"
EndProject
Project("{2150E333-8FDC-42A3-9474-1A3956D46DE8}") = "UnitTests", "UnitTests", "{988F0DDB-1820-4E4E-8461-B7D0EB773286}"
EndProject
Project("{9A19103F-16F7-4668-BE54-9A1E7A4F7556}") = "UnitTests", "Src\UnitTests\UnitTests.csproj", "{5C641ACB-A418-4547-9788-6FBD6C26F524}"
EndProject
Project("{2150E333-8FDC-42A3-9474-1A3956D46DE8}") = "TestMvcApp", "TestMvcApp", "{23A660F2-9EFE-44E9-BC3B-F613A38EB233}"
EndProject
Project("{2150E333-8FDC-42A3-9474-1A3956D46DE8}") = "Tests", "Tests", "{B1617EE7-A421-4729-A452-7550914B3BB4}"
EndProject
Project("{9A19103F-16F7-4668-BE54-9A1E7A4F7556}") = "Tests", "Src\IntegrationTests\Tests\Tests.csproj", "{E7741681-23E5-4DE7-A3EC-80B6C7337DBD}"
EndProject
Project("{9A19103F-16F7-4668-BE54-9A1E7A4F7556}") = "TestMvcApp", "Src\IntegrationTests\TestMvcApp\TestMvcApp.csproj", "{9770AC9A-1F6D-45D2-B7C0-A92DD96A60B6}"
EndProject
Project("{9A19103F-16F7-4668-BE54-9A1E7A4F7556}") = "Coravel", "Src\Coravel\Coravel.csproj", "{88CD896E-EE3B-4788-A7B8-FACE87BA7DC2}"
EndProject
Project("{9A19103F-16F7-4668-BE54-9A1E7A4F7556}") = "Coravel.Mailer", "Src\Coravel.Mailer\Coravel.Mailer.csproj", "{ED8C6FC7-75DF-45A3-8945-07860E395D33}"
EndProject
Project("{9A19103F-16F7-4668-BE54-9A1E7A4F7556}") = "Coravel.Cli", "Src\Coravel.Cli\Coravel.Cli.csproj", "{02B1E026-EBE1-4BA5-B273-9D58D18100CB}"
EndProject
Project("{2150E333-8FDC-42A3-9474-1A3956D46DE8}") = "Samples", "Samples", "{1127EA06-B247-41E7-BBA1-E5116248767C}"
EndProject
Project("{2150E333-8FDC-42A3-9474-1A3956D46DE8}") = "Docs", "Docs", "{227446F8-1914-4CC3-B20D-9045D651748A}"
	ProjectSection(SolutionItems) = preProject
		Docs\Caching.md = Docs\Caching.md
		Docs\Cli.md = Docs\Cli.md
		Docs\Events.md = Docs\Events.md
		Docs\Invocables.md = Docs\Invocables.md
		Docs\Mailing.md = Docs\Mailing.md
		Docs\Queuing.md = Docs\Queuing.md
		Docs\Scheduler.md = Docs\Scheduler.md
	EndProjectSection
EndProject
Project("{2150E333-8FDC-42A3-9474-1A3956D46DE8}") = "Demo", "Demo", "{190A0E5B-562E-4DE8-863C-A0886F13A2B2}"
EndProject
Project("{9A19103F-16F7-4668-BE54-9A1E7A4F7556}") = "Demo", "Demo\Demo.csproj", "{5E9AB080-5A8C-4961-988C-5E26626CB861}"
EndProject
Project("{2150E333-8FDC-42A3-9474-1A3956D46DE8}") = "img", "img", "{AA0B4535-C19A-4BEA-BCF2-BCA6B6F75D84}"
	ProjectSection(SolutionItems) = preProject
		Docs\img\coravelmail.png = Docs\img\coravelmail.png
		Docs\img\dailyreportinvocable.png = Docs\img\dailyreportinvocable.png
		Docs\img\email-sample.png = Docs\img\email-sample.png
		Docs\img\event-blog.png = Docs\img\event-blog.png
		Docs\img\logo.png = Docs\img\logo.png
		Docs\img\queueexpensive.png = Docs\img\queueexpensive.png
		Docs\img\sampleinvocablemvc.png = Docs\img\sampleinvocablemvc.png
		Docs\img\scheduledailyreport.png = Docs\img\scheduledailyreport.png
	EndProjectSection
EndProject
Project("{2150E333-8FDC-42A3-9474-1A3956D46DE8}") = "used-by", "used-by", "{AD10BE40-999E-4C0D-866F-56D4D42FE904}"
	ProjectSection(SolutionItems) = preProject
		Docs\img\used-by\builtwithdotnet.jpg = Docs\img\used-by\builtwithdotnet.jpg
	EndProjectSection
EndProject
Project("{2150E333-8FDC-42A3-9474-1A3956D46DE8}") = "HostBuilderConsole", "HostBuilderConsole", "{B9839931-B453-4CD9-9CA8-0EA8BED94D4A}"
EndProject
Project("{9A19103F-16F7-4668-BE54-9A1E7A4F7556}") = "HostBuilderConsole", "Samples\HostBuilderConsole\HostBuilderConsole.csproj", "{31F0D46B-0413-4165-B032-52CC5C858615}"
EndProject
Global
	GlobalSection(SolutionConfigurationPlatforms) = preSolution
		Debug|Any CPU = Debug|Any CPU
		Release|Any CPU = Release|Any CPU
	EndGlobalSection
	GlobalSection(ProjectConfigurationPlatforms) = postSolution
		{5C641ACB-A418-4547-9788-6FBD6C26F524}.Debug|Any CPU.ActiveCfg = Debug|Any CPU
		{5C641ACB-A418-4547-9788-6FBD6C26F524}.Debug|Any CPU.Build.0 = Debug|Any CPU
		{5C641ACB-A418-4547-9788-6FBD6C26F524}.Release|Any CPU.ActiveCfg = Release|Any CPU
		{5C641ACB-A418-4547-9788-6FBD6C26F524}.Release|Any CPU.Build.0 = Release|Any CPU
		{E7741681-23E5-4DE7-A3EC-80B6C7337DBD}.Debug|Any CPU.ActiveCfg = Debug|Any CPU
		{E7741681-23E5-4DE7-A3EC-80B6C7337DBD}.Debug|Any CPU.Build.0 = Debug|Any CPU
		{E7741681-23E5-4DE7-A3EC-80B6C7337DBD}.Release|Any CPU.ActiveCfg = Release|Any CPU
		{E7741681-23E5-4DE7-A3EC-80B6C7337DBD}.Release|Any CPU.Build.0 = Release|Any CPU
		{9770AC9A-1F6D-45D2-B7C0-A92DD96A60B6}.Debug|Any CPU.ActiveCfg = Debug|Any CPU
		{9770AC9A-1F6D-45D2-B7C0-A92DD96A60B6}.Debug|Any CPU.Build.0 = Debug|Any CPU
		{9770AC9A-1F6D-45D2-B7C0-A92DD96A60B6}.Release|Any CPU.ActiveCfg = Release|Any CPU
		{9770AC9A-1F6D-45D2-B7C0-A92DD96A60B6}.Release|Any CPU.Build.0 = Release|Any CPU
		{88CD896E-EE3B-4788-A7B8-FACE87BA7DC2}.Debug|Any CPU.ActiveCfg = Debug|Any CPU
		{88CD896E-EE3B-4788-A7B8-FACE87BA7DC2}.Debug|Any CPU.Build.0 = Debug|Any CPU
		{88CD896E-EE3B-4788-A7B8-FACE87BA7DC2}.Release|Any CPU.ActiveCfg = Release|Any CPU
		{88CD896E-EE3B-4788-A7B8-FACE87BA7DC2}.Release|Any CPU.Build.0 = Release|Any CPU
		{ED8C6FC7-75DF-45A3-8945-07860E395D33}.Debug|Any CPU.ActiveCfg = Debug|Any CPU
		{ED8C6FC7-75DF-45A3-8945-07860E395D33}.Debug|Any CPU.Build.0 = Debug|Any CPU
		{ED8C6FC7-75DF-45A3-8945-07860E395D33}.Release|Any CPU.ActiveCfg = Release|Any CPU
		{ED8C6FC7-75DF-45A3-8945-07860E395D33}.Release|Any CPU.Build.0 = Release|Any CPU
		{02B1E026-EBE1-4BA5-B273-9D58D18100CB}.Debug|Any CPU.ActiveCfg = Debug|Any CPU
		{02B1E026-EBE1-4BA5-B273-9D58D18100CB}.Debug|Any CPU.Build.0 = Debug|Any CPU
		{02B1E026-EBE1-4BA5-B273-9D58D18100CB}.Release|Any CPU.ActiveCfg = Release|Any CPU
		{02B1E026-EBE1-4BA5-B273-9D58D18100CB}.Release|Any CPU.Build.0 = Release|Any CPU
		{5E9AB080-5A8C-4961-988C-5E26626CB861}.Debug|Any CPU.ActiveCfg = Debug|Any CPU
		{5E9AB080-5A8C-4961-988C-5E26626CB861}.Debug|Any CPU.Build.0 = Debug|Any CPU
		{5E9AB080-5A8C-4961-988C-5E26626CB861}.Release|Any CPU.ActiveCfg = Release|Any CPU
		{5E9AB080-5A8C-4961-988C-5E26626CB861}.Release|Any CPU.Build.0 = Release|Any CPU
		{31F0D46B-0413-4165-B032-52CC5C858615}.Debug|Any CPU.ActiveCfg = Debug|Any CPU
		{31F0D46B-0413-4165-B032-52CC5C858615}.Debug|Any CPU.Build.0 = Debug|Any CPU
		{31F0D46B-0413-4165-B032-52CC5C858615}.Release|Any CPU.ActiveCfg = Release|Any CPU
		{31F0D46B-0413-4165-B032-52CC5C858615}.Release|Any CPU.Build.0 = Release|Any CPU
	EndGlobalSection
	GlobalSection(SolutionProperties) = preSolution
		HideSolutionNode = FALSE
	EndGlobalSection
	GlobalSection(NestedProjects) = preSolution
		{9F5AD571-ECAB-4CE5-9947-18C054EF3299} = {12D54643-04F1-4FCF-B7F9-434B37F8BAE7}
		{5839E6DD-7E1E-44DC-A613-AEF0F60B80F3} = {12D54643-04F1-4FCF-B7F9-434B37F8BAE7}
		{B1B780A5-5DBF-47DC-ACAE-352698D5BA30} = {12D54643-04F1-4FCF-B7F9-434B37F8BAE7}
		{A51189C8-6825-4602-BA6D-4C312C69DB72} = {12D54643-04F1-4FCF-B7F9-434B37F8BAE7}
		{988F0DDB-1820-4E4E-8461-B7D0EB773286} = {12D54643-04F1-4FCF-B7F9-434B37F8BAE7}
		{5C641ACB-A418-4547-9788-6FBD6C26F524} = {988F0DDB-1820-4E4E-8461-B7D0EB773286}
		{23A660F2-9EFE-44E9-BC3B-F613A38EB233} = {A51189C8-6825-4602-BA6D-4C312C69DB72}
		{B1617EE7-A421-4729-A452-7550914B3BB4} = {A51189C8-6825-4602-BA6D-4C312C69DB72}
		{E7741681-23E5-4DE7-A3EC-80B6C7337DBD} = {B1617EE7-A421-4729-A452-7550914B3BB4}
		{9770AC9A-1F6D-45D2-B7C0-A92DD96A60B6} = {23A660F2-9EFE-44E9-BC3B-F613A38EB233}
		{88CD896E-EE3B-4788-A7B8-FACE87BA7DC2} = {9F5AD571-ECAB-4CE5-9947-18C054EF3299}
		{ED8C6FC7-75DF-45A3-8945-07860E395D33} = {B1B780A5-5DBF-47DC-ACAE-352698D5BA30}
		{02B1E026-EBE1-4BA5-B273-9D58D18100CB} = {5839E6DD-7E1E-44DC-A613-AEF0F60B80F3}
		{5E9AB080-5A8C-4961-988C-5E26626CB861} = {190A0E5B-562E-4DE8-863C-A0886F13A2B2}
		{AA0B4535-C19A-4BEA-BCF2-BCA6B6F75D84} = {227446F8-1914-4CC3-B20D-9045D651748A}
		{AD10BE40-999E-4C0D-866F-56D4D42FE904} = {AA0B4535-C19A-4BEA-BCF2-BCA6B6F75D84}
		{B9839931-B453-4CD9-9CA8-0EA8BED94D4A} = {1127EA06-B247-41E7-BBA1-E5116248767C}
		{31F0D46B-0413-4165-B032-52CC5C858615} = {B9839931-B453-4CD9-9CA8-0EA8BED94D4A}
	EndGlobalSection
	GlobalSection(ExtensibilityGlobals) = postSolution
		SolutionGuid = {C0B0BD97-D18E-470A-98B7-7ED42D230AC9}
	EndGlobalSection
EndGlobal
