
Microsoft Visual Studio Solution File, Format Version 12.00
# Visual Studio 15
VisualStudioVersion = 15.0.26124.0
MinimumVisualStudioVersion = 15.0.26124.0
Project("{FAE04EC0-301F-11D3-BF4B-00C04F79EFBC}") = "Coravel", "Coravel\Coravel.csproj", "{2CB7B14C-BD7F-4C1E-82B9-F0B3501E5BC6}"
EndProject
Project("{FAE04EC0-301F-11D3-BF4B-00C04F79EFBC}") = "Coravel.Cache.Database", "Coravel.Cache.Database\Coravel.Cache.Database.csproj", "{F395F1A4-1C74-4A71-9203-067C6F9F2D75}"
EndProject
Project("{FAE04EC0-301F-11D3-BF4B-00C04F79EFBC}") = "Coravel.Cli", "Coravel.Cli\Coravel.Cli.csproj", "{FF3A8DD2-8E9A-404F-ACF6-0E6E372703A8}"
EndProject
Project("{FAE04EC0-301F-11D3-BF4B-00C04F79EFBC}") = "Coravel.Mailer", "Coravel.Mailer\Coravel.Mailer.csproj", "{A2CD67E1-476C-4577-B47F-B3CBD362B500}"
EndProject
Project("{2150E333-8FDC-42A3-9474-1A3956D46DE8}") = "IntegrationTests", "IntegrationTests", "{9ED16D9A-B43C-4168-B32F-9E978920EE0D}"
EndProject
Project("{FAE04EC0-301F-11D3-BF4B-00C04F79EFBC}") = "Tests", "IntegrationTests\Tests\Tests.csproj", "{382FCFB6-02BC-4471-86E5-5C8E7091C71C}"
EndProject
Project("{FAE04EC0-301F-11D3-BF4B-00C04F79EFBC}") = "TestMvcApp", "IntegrationTests\TestMvcApp\TestMvcApp.csproj", "{E1EA978B-4DB5-454A-8D74-E10BB515CD10}"
EndProject
Project("{FAE04EC0-301F-11D3-BF4B-00C04F79EFBC}") = "UnitTests", "UnitTests\UnitTests.csproj", "{24785D20-ED2F-4EF0-A300-EECAD3AE5237}"
EndProject
Global
	GlobalSection(SolutionConfigurationPlatforms) = preSolution
		Debug|Any CPU = Debug|Any CPU
		Debug|x64 = Debug|x64
		Debug|x86 = Debug|x86
		Release|Any CPU = Release|Any CPU
		Release|x64 = Release|x64
		Release|x86 = Release|x86
	EndGlobalSection
	GlobalSection(SolutionProperties) = preSolution
		HideSolutionNode = FALSE
	EndGlobalSection
	GlobalSection(ProjectConfigurationPlatforms) = postSolution
		{2CB7B14C-BD7F-4C1E-82B9-F0B3501E5BC6}.Debug|Any CPU.ActiveCfg = Debug|Any CPU
		{2CB7B14C-BD7F-4C1E-82B9-F0B3501E5BC6}.Debug|Any CPU.Build.0 = Debug|Any CPU
		{2CB7B14C-BD7F-4C1E-82B9-F0B3501E5BC6}.Debug|x64.ActiveCfg = Debug|Any CPU
		{2CB7B14C-BD7F-4C1E-82B9-F0B3501E5BC6}.Debug|x64.Build.0 = Debug|Any CPU
		{2CB7B14C-BD7F-4C1E-82B9-F0B3501E5BC6}.Debug|x86.ActiveCfg = Debug|Any CPU
		{2CB7B14C-BD7F-4C1E-82B9-F0B3501E5BC6}.Debug|x86.Build.0 = Debug|Any CPU
		{2CB7B14C-BD7F-4C1E-82B9-F0B3501E5BC6}.Release|Any CPU.ActiveCfg = Release|Any CPU
		{2CB7B14C-BD7F-4C1E-82B9-F0B3501E5BC6}.Release|Any CPU.Build.0 = Release|Any CPU
		{2CB7B14C-BD7F-4C1E-82B9-F0B3501E5BC6}.Release|x64.ActiveCfg = Release|Any CPU
		{2CB7B14C-BD7F-4C1E-82B9-F0B3501E5BC6}.Release|x64.Build.0 = Release|Any CPU
		{2CB7B14C-BD7F-4C1E-82B9-F0B3501E5BC6}.Release|x86.ActiveCfg = Release|Any CPU
		{2CB7B14C-BD7F-4C1E-82B9-F0B3501E5BC6}.Release|x86.Build.0 = Release|Any CPU
		{F395F1A4-1C74-4A71-9203-067C6F9F2D75}.Debug|Any CPU.ActiveCfg = Debug|Any CPU
		{F395F1A4-1C74-4A71-9203-067C6F9F2D75}.Debug|Any CPU.Build.0 = Debug|Any CPU
		{F395F1A4-1C74-4A71-9203-067C6F9F2D75}.Debug|x64.ActiveCfg = Debug|Any CPU
		{F395F1A4-1C74-4A71-9203-067C6F9F2D75}.Debug|x64.Build.0 = Debug|Any CPU
		{F395F1A4-1C74-4A71-9203-067C6F9F2D75}.Debug|x86.ActiveCfg = Debug|Any CPU
		{F395F1A4-1C74-4A71-9203-067C6F9F2D75}.Debug|x86.Build.0 = Debug|Any CPU
		{F395F1A4-1C74-4A71-9203-067C6F9F2D75}.Release|Any CPU.ActiveCfg = Release|Any CPU
		{F395F1A4-1C74-4A71-9203-067C6F9F2D75}.Release|Any CPU.Build.0 = Release|Any CPU
		{F395F1A4-1C74-4A71-9203-067C6F9F2D75}.Release|x64.ActiveCfg = Release|Any CPU
		{F395F1A4-1C74-4A71-9203-067C6F9F2D75}.Release|x64.Build.0 = Release|Any CPU
		{F395F1A4-1C74-4A71-9203-067C6F9F2D75}.Release|x86.ActiveCfg = Release|Any CPU
		{F395F1A4-1C74-4A71-9203-067C6F9F2D75}.Release|x86.Build.0 = Release|Any CPU
		{FF3A8DD2-8E9A-404F-ACF6-0E6E372703A8}.Debug|Any CPU.ActiveCfg = Debug|Any CPU
		{FF3A8DD2-8E9A-404F-ACF6-0E6E372703A8}.Debug|Any CPU.Build.0 = Debug|Any CPU
		{FF3A8DD2-8E9A-404F-ACF6-0E6E372703A8}.Debug|x64.ActiveCfg = Debug|Any CPU
		{FF3A8DD2-8E9A-404F-ACF6-0E6E372703A8}.Debug|x64.Build.0 = Debug|Any CPU
		{FF3A8DD2-8E9A-404F-ACF6-0E6E372703A8}.Debug|x86.ActiveCfg = Debug|Any CPU
		{FF3A8DD2-8E9A-404F-ACF6-0E6E372703A8}.Debug|x86.Build.0 = Debug|Any CPU
		{FF3A8DD2-8E9A-404F-ACF6-0E6E372703A8}.Release|Any CPU.ActiveCfg = Release|Any CPU
		{FF3A8DD2-8E9A-404F-ACF6-0E6E372703A8}.Release|Any CPU.Build.0 = Release|Any CPU
		{FF3A8DD2-8E9A-404F-ACF6-0E6E372703A8}.Release|x64.ActiveCfg = Release|Any CPU
		{FF3A8DD2-8E9A-404F-ACF6-0E6E372703A8}.Release|x64.Build.0 = Release|Any CPU
		{FF3A8DD2-8E9A-404F-ACF6-0E6E372703A8}.Release|x86.ActiveCfg = Release|Any CPU
		{FF3A8DD2-8E9A-404F-ACF6-0E6E372703A8}.Release|x86.Build.0 = Release|Any CPU
		{A2CD67E1-476C-4577-B47F-B3CBD362B500}.Debug|Any CPU.ActiveCfg = Debug|Any CPU
		{A2CD67E1-476C-4577-B47F-B3CBD362B500}.Debug|Any CPU.Build.0 = Debug|Any CPU
		{A2CD67E1-476C-4577-B47F-B3CBD362B500}.Debug|x64.ActiveCfg = Debug|Any CPU
		{A2CD67E1-476C-4577-B47F-B3CBD362B500}.Debug|x64.Build.0 = Debug|Any CPU
		{A2CD67E1-476C-4577-B47F-B3CBD362B500}.Debug|x86.ActiveCfg = Debug|Any CPU
		{A2CD67E1-476C-4577-B47F-B3CBD362B500}.Debug|x86.Build.0 = Debug|Any CPU
		{A2CD67E1-476C-4577-B47F-B3CBD362B500}.Release|Any CPU.ActiveCfg = Release|Any CPU
		{A2CD67E1-476C-4577-B47F-B3CBD362B500}.Release|Any CPU.Build.0 = Release|Any CPU
		{A2CD67E1-476C-4577-B47F-B3CBD362B500}.Release|x64.ActiveCfg = Release|Any CPU
		{A2CD67E1-476C-4577-B47F-B3CBD362B500}.Release|x64.Build.0 = Release|Any CPU
		{A2CD67E1-476C-4577-B47F-B3CBD362B500}.Release|x86.ActiveCfg = Release|Any CPU
		{A2CD67E1-476C-4577-B47F-B3CBD362B500}.Release|x86.Build.0 = Release|Any CPU
		{382FCFB6-02BC-4471-86E5-5C8E7091C71C}.Debug|Any CPU.ActiveCfg = Debug|Any CPU
		{382FCFB6-02BC-4471-86E5-5C8E7091C71C}.Debug|Any CPU.Build.0 = Debug|Any CPU
		{382FCFB6-02BC-4471-86E5-5C8E7091C71C}.Debug|x64.ActiveCfg = Debug|Any CPU
		{382FCFB6-02BC-4471-86E5-5C8E7091C71C}.Debug|x64.Build.0 = Debug|Any CPU
		{382FCFB6-02BC-4471-86E5-5C8E7091C71C}.Debug|x86.ActiveCfg = Debug|Any CPU
		{382FCFB6-02BC-4471-86E5-5C8E7091C71C}.Debug|x86.Build.0 = Debug|Any CPU
		{382FCFB6-02BC-4471-86E5-5C8E7091C71C}.Release|Any CPU.ActiveCfg = Release|Any CPU
		{382FCFB6-02BC-4471-86E5-5C8E7091C71C}.Release|Any CPU.Build.0 = Release|Any CPU
		{382FCFB6-02BC-4471-86E5-5C8E7091C71C}.Release|x64.ActiveCfg = Release|Any CPU
		{382FCFB6-02BC-4471-86E5-5C8E7091C71C}.Release|x64.Build.0 = Release|Any CPU
		{382FCFB6-02BC-4471-86E5-5C8E7091C71C}.Release|x86.ActiveCfg = Release|Any CPU
		{382FCFB6-02BC-4471-86E5-5C8E7091C71C}.Release|x86.Build.0 = Release|Any CPU
		{E1EA978B-4DB5-454A-8D74-E10BB515CD10}.Debug|Any CPU.ActiveCfg = Debug|Any CPU
		{E1EA978B-4DB5-454A-8D74-E10BB515CD10}.Debug|Any CPU.Build.0 = Debug|Any CPU
		{E1EA978B-4DB5-454A-8D74-E10BB515CD10}.Debug|x64.ActiveCfg = Debug|Any CPU
		{E1EA978B-4DB5-454A-8D74-E10BB515CD10}.Debug|x64.Build.0 = Debug|Any CPU
		{E1EA978B-4DB5-454A-8D74-E10BB515CD10}.Debug|x86.ActiveCfg = Debug|Any CPU
		{E1EA978B-4DB5-454A-8D74-E10BB515CD10}.Debug|x86.Build.0 = Debug|Any CPU
		{E1EA978B-4DB5-454A-8D74-E10BB515CD10}.Release|Any CPU.ActiveCfg = Release|Any CPU
		{E1EA978B-4DB5-454A-8D74-E10BB515CD10}.Release|Any CPU.Build.0 = Release|Any CPU
		{E1EA978B-4DB5-454A-8D74-E10BB515CD10}.Release|x64.ActiveCfg = Release|Any CPU
		{E1EA978B-4DB5-454A-8D74-E10BB515CD10}.Release|x64.Build.0 = Release|Any CPU
		{E1EA978B-4DB5-454A-8D74-E10BB515CD10}.Release|x86.ActiveCfg = Release|Any CPU
		{E1EA978B-4DB5-454A-8D74-E10BB515CD10}.Release|x86.Build.0 = Release|Any CPU
		{24785D20-ED2F-4EF0-A300-EECAD3AE5237}.Debug|Any CPU.ActiveCfg = Debug|Any CPU
		{24785D20-ED2F-4EF0-A300-EECAD3AE5237}.Debug|Any CPU.Build.0 = Debug|Any CPU
		{24785D20-ED2F-4EF0-A300-EECAD3AE5237}.Debug|x64.ActiveCfg = Debug|Any CPU
		{24785D20-ED2F-4EF0-A300-EECAD3AE5237}.Debug|x64.Build.0 = Debug|Any CPU
		{24785D20-ED2F-4EF0-A300-EECAD3AE5237}.Debug|x86.ActiveCfg = Debug|Any CPU
		{24785D20-ED2F-4EF0-A300-EECAD3AE5237}.Debug|x86.Build.0 = Debug|Any CPU
		{24785D20-ED2F-4EF0-A300-EECAD3AE5237}.Release|Any CPU.ActiveCfg = Release|Any CPU
		{24785D20-ED2F-4EF0-A300-EECAD3AE5237}.Release|Any CPU.Build.0 = Release|Any CPU
		{24785D20-ED2F-4EF0-A300-EECAD3AE5237}.Release|x64.ActiveCfg = Release|Any CPU
		{24785D20-ED2F-4EF0-A300-EECAD3AE5237}.Release|x64.Build.0 = Release|Any CPU
		{24785D20-ED2F-4EF0-A300-EECAD3AE5237}.Release|x86.ActiveCfg = Release|Any CPU
		{24785D20-ED2F-4EF0-A300-EECAD3AE5237}.Release|x86.Build.0 = Release|Any CPU
	EndGlobalSection
	GlobalSection(NestedProjects) = preSolution
		{382FCFB6-02BC-4471-86E5-5C8E7091C71C} = {9ED16D9A-B43C-4168-B32F-9E978920EE0D}
		{E1EA978B-4DB5-454A-8D74-E10BB515CD10} = {9ED16D9A-B43C-4168-B32F-9E978920EE0D}
	EndGlobalSection
EndGlobal
